// !$*UTF8*$!
{
	archiveVersion = 1;
	classes = {
	};
	objectVersion = 46;
	objects = {

/* Begin PBXBuildFile section */
		3F659FDE1948C55F00B5C8EE /* playerTextures.m in Sources */ = {isa = PBXBuildFile; fileRef = 3F659FDD1948C55F00B5C8EE /* playerTextures.m */; };
		3FB6D86D194699D70002A368 /* Foundation.framework in Frameworks */ = {isa = PBXBuildFile; fileRef = 3FB6D86C194699D70002A368 /* Foundation.framework */; };
		3FB6D86F194699D70002A368 /* CoreGraphics.framework in Frameworks */ = {isa = PBXBuildFile; fileRef = 3FB6D86E194699D70002A368 /* CoreGraphics.framework */; };
		3FB6D871194699D70002A368 /* UIKit.framework in Frameworks */ = {isa = PBXBuildFile; fileRef = 3FB6D870194699D70002A368 /* UIKit.framework */; };
		3FB6D873194699D80002A368 /* SpriteKit.framework in Frameworks */ = {isa = PBXBuildFile; fileRef = 3FB6D872194699D80002A368 /* SpriteKit.framework */; };
		3FB6D879194699D80002A368 /* InfoPlist.strings in Resources */ = {isa = PBXBuildFile; fileRef = 3FB6D877194699D80002A368 /* InfoPlist.strings */; };
		3FB6D87B194699D80002A368 /* main.m in Sources */ = {isa = PBXBuildFile; fileRef = 3FB6D87A194699D80002A368 /* main.m */; };
		3FB6D87F194699D80002A368 /* spriteAppDelegate.m in Sources */ = {isa = PBXBuildFile; fileRef = 3FB6D87E194699D80002A368 /* spriteAppDelegate.m */; };
		3FB6D882194699D80002A368 /* Main_iPhone.storyboard in Resources */ = {isa = PBXBuildFile; fileRef = 3FB6D880194699D80002A368 /* Main_iPhone.storyboard */; };
		3FB6D885194699D80002A368 /* Main_iPad.storyboard in Resources */ = {isa = PBXBuildFile; fileRef = 3FB6D883194699D80002A368 /* Main_iPad.storyboard */; };
		3FB6D888194699D80002A368 /* ViewController.m in Sources */ = {isa = PBXBuildFile; fileRef = 3FB6D887194699D80002A368 /* ViewController.m */; };
		3FB6D88B194699D80002A368 /* GameScene.m in Sources */ = {isa = PBXBuildFile; fileRef = 3FB6D88A194699D80002A368 /* GameScene.m */; };
		3FB6D88F194699D80002A368 /* Images.xcassets in Resources */ = {isa = PBXBuildFile; fileRef = 3FB6D88E194699D80002A368 /* Images.xcassets */; };
		3FB6D896194699D80002A368 /* XCTest.framework in Frameworks */ = {isa = PBXBuildFile; fileRef = 3FB6D895194699D80002A368 /* XCTest.framework */; };
		3FB6D897194699D80002A368 /* Foundation.framework in Frameworks */ = {isa = PBXBuildFile; fileRef = 3FB6D86C194699D70002A368 /* Foundation.framework */; };
		3FB6D898194699D80002A368 /* UIKit.framework in Frameworks */ = {isa = PBXBuildFile; fileRef = 3FB6D870194699D70002A368 /* UIKit.framework */; };
		3FB6D8A0194699D80002A368 /* InfoPlist.strings in Resources */ = {isa = PBXBuildFile; fileRef = 3FB6D89E194699D80002A368 /* InfoPlist.strings */; };
		3FB6D8A2194699D80002A368 /* Adventures_of_TuringTests.m in Sources */ = {isa = PBXBuildFile; fileRef = 3FB6D8A1194699D80002A368 /* Adventures_of_TuringTests.m */; };
		3FCF9B701947431500AA8FC5 /* Character.m in Sources */ = {isa = PBXBuildFile; fileRef = 3FCF9B6F1947431500AA8FC5 /* Character.m */; };
		3FCF9B7319475DE300AA8FC5 /* backGroundLayer.m in Sources */ = {isa = PBXBuildFile; fileRef = 3FCF9B7219475DE300AA8FC5 /* backGroundLayer.m */; };
/* End PBXBuildFile section */

/* Begin PBXContainerItemProxy section */
		3FB6D899194699D80002A368 /* PBXContainerItemProxy */ = {
			isa = PBXContainerItemProxy;
			containerPortal = 3FB6D861194699D70002A368 /* Project object */;
			proxyType = 1;
			remoteGlobalIDString = 3FB6D868194699D70002A368;
			remoteInfo = "Adventures of Turing";
		};
/* End PBXContainerItemProxy section */

/* Begin PBXFileReference section */
		3F659FDC1948C55F00B5C8EE /* playerTextures.h */ = {isa = PBXFileReference; fileEncoding = 4; lastKnownFileType = sourcecode.c.h; path = playerTextures.h; sourceTree = "<group>"; };
		3F659FDD1948C55F00B5C8EE /* playerTextures.m */ = {isa = PBXFileReference; fileEncoding = 4; lastKnownFileType = sourcecode.c.objc; path = playerTextures.m; sourceTree = "<group>"; };
		3FB6D869194699D70002A368 /* Adventures of Turing.app */ = {isa = PBXFileReference; explicitFileType = wrapper.application; includeInIndex = 0; path = "Adventures of Turing.app"; sourceTree = BUILT_PRODUCTS_DIR; };
		3FB6D86C194699D70002A368 /* Foundation.framework */ = {isa = PBXFileReference; lastKnownFileType = wrapper.framework; name = Foundation.framework; path = System/Library/Frameworks/Foundation.framework; sourceTree = SDKROOT; };
		3FB6D86E194699D70002A368 /* CoreGraphics.framework */ = {isa = PBXFileReference; lastKnownFileType = wrapper.framework; name = CoreGraphics.framework; path = System/Library/Frameworks/CoreGraphics.framework; sourceTree = SDKROOT; };
		3FB6D870194699D70002A368 /* UIKit.framework */ = {isa = PBXFileReference; lastKnownFileType = wrapper.framework; name = UIKit.framework; path = System/Library/Frameworks/UIKit.framework; sourceTree = SDKROOT; };
		3FB6D872194699D80002A368 /* SpriteKit.framework */ = {isa = PBXFileReference; lastKnownFileType = wrapper.framework; name = SpriteKit.framework; path = System/Library/Frameworks/SpriteKit.framework; sourceTree = SDKROOT; };
		3FB6D876194699D80002A368 /* Adventures of Turing-Info.plist */ = {isa = PBXFileReference; lastKnownFileType = text.plist.xml; path = "Adventures of Turing-Info.plist"; sourceTree = "<group>"; };
		3FB6D878194699D80002A368 /* en */ = {isa = PBXFileReference; lastKnownFileType = text.plist.strings; name = en; path = en.lproj/InfoPlist.strings; sourceTree = "<group>"; };
		3FB6D87A194699D80002A368 /* main.m */ = {isa = PBXFileReference; lastKnownFileType = sourcecode.c.objc; path = main.m; sourceTree = "<group>"; };
		3FB6D87C194699D80002A368 /* Adventures of Turing-Prefix.pch */ = {isa = PBXFileReference; lastKnownFileType = sourcecode.c.h; path = "Adventures of Turing-Prefix.pch"; sourceTree = "<group>"; };
		3FB6D87D194699D80002A368 /* spriteAppDelegate.h */ = {isa = PBXFileReference; lastKnownFileType = sourcecode.c.h; path = spriteAppDelegate.h; sourceTree = "<group>"; };
		3FB6D87E194699D80002A368 /* spriteAppDelegate.m */ = {isa = PBXFileReference; lastKnownFileType = sourcecode.c.objc; path = spriteAppDelegate.m; sourceTree = "<group>"; };
		3FB6D881194699D80002A368 /* Base */ = {isa = PBXFileReference; lastKnownFileType = file.storyboard; name = Base; path = Base.lproj/Main_iPhone.storyboard; sourceTree = "<group>"; };
		3FB6D884194699D80002A368 /* Base */ = {isa = PBXFileReference; lastKnownFileType = file.storyboard; name = Base; path = Base.lproj/Main_iPad.storyboard; sourceTree = "<group>"; };
		3FB6D886194699D80002A368 /* ViewController.h */ = {isa = PBXFileReference; lastKnownFileType = sourcecode.c.h; path = ViewController.h; sourceTree = "<group>"; };
		3FB6D887194699D80002A368 /* ViewController.m */ = {isa = PBXFileReference; lastKnownFileType = sourcecode.c.objc; path = ViewController.m; sourceTree = "<group>"; };
		3FB6D889194699D80002A368 /* GameScene.h */ = {isa = PBXFileReference; lastKnownFileType = sourcecode.c.h; path = GameScene.h; sourceTree = "<group>"; };
		3FB6D88A194699D80002A368 /* GameScene.m */ = {isa = PBXFileReference; lastKnownFileType = sourcecode.c.objc; path = GameScene.m; sourceTree = "<group>"; };
		3FB6D88E194699D80002A368 /* Images.xcassets */ = {isa = PBXFileReference; lastKnownFileType = folder.assetcatalog; path = Images.xcassets; sourceTree = "<group>"; };
		3FB6D894194699D80002A368 /* Adventures of TuringTests.xctest */ = {isa = PBXFileReference; explicitFileType = wrapper.cfbundle; includeInIndex = 0; path = "Adventures of TuringTests.xctest"; sourceTree = BUILT_PRODUCTS_DIR; };
		3FB6D895194699D80002A368 /* XCTest.framework */ = {isa = PBXFileReference; lastKnownFileType = wrapper.framework; name = XCTest.framework; path = Library/Frameworks/XCTest.framework; sourceTree = DEVELOPER_DIR; };
		3FB6D89D194699D80002A368 /* Adventures of TuringTests-Info.plist */ = {isa = PBXFileReference; lastKnownFileType = text.plist.xml; path = "Adventures of TuringTests-Info.plist"; sourceTree = "<group>"; };
		3FB6D89F194699D80002A368 /* en */ = {isa = PBXFileReference; lastKnownFileType = text.plist.strings; name = en; path = en.lproj/InfoPlist.strings; sourceTree = "<group>"; };
		3FB6D8A1194699D80002A368 /* Adventures_of_TuringTests.m */ = {isa = PBXFileReference; lastKnownFileType = sourcecode.c.objc; path = Adventures_of_TuringTests.m; sourceTree = "<group>"; };
		3FCF9B6E1947431500AA8FC5 /* Character.h */ = {isa = PBXFileReference; fileEncoding = 4; lastKnownFileType = sourcecode.c.h; path = Character.h; sourceTree = "<group>"; };
		3FCF9B6F1947431500AA8FC5 /* Character.m */ = {isa = PBXFileReference; fileEncoding = 4; lastKnownFileType = sourcecode.c.objc; path = Character.m; sourceTree = "<group>"; };
		3FCF9B7119475DE300AA8FC5 /* backGroundLayer.h */ = {isa = PBXFileReference; fileEncoding = 4; lastKnownFileType = sourcecode.c.h; path = backGroundLayer.h; sourceTree = "<group>"; };
		3FCF9B7219475DE300AA8FC5 /* backGroundLayer.m */ = {isa = PBXFileReference; fileEncoding = 4; lastKnownFileType = sourcecode.c.objc; path = backGroundLayer.m; sourceTree = "<group>"; };
/* End PBXFileReference section */

/* Begin PBXFrameworksBuildPhase section */
		3FB6D866194699D70002A368 /* Frameworks */ = {
			isa = PBXFrameworksBuildPhase;
			buildActionMask = 2147483647;
			files = (
				3FB6D86F194699D70002A368 /* CoreGraphics.framework in Frameworks */,
				3FB6D871194699D70002A368 /* UIKit.framework in Frameworks */,
				3FB6D873194699D80002A368 /* SpriteKit.framework in Frameworks */,
				3FB6D86D194699D70002A368 /* Foundation.framework in Frameworks */,
			);
			runOnlyForDeploymentPostprocessing = 0;
		};
		3FB6D891194699D80002A368 /* Frameworks */ = {
			isa = PBXFrameworksBuildPhase;
			buildActionMask = 2147483647;
			files = (
				3FB6D896194699D80002A368 /* XCTest.framework in Frameworks */,
				3FB6D898194699D80002A368 /* UIKit.framework in Frameworks */,
				3FB6D897194699D80002A368 /* Foundation.framework in Frameworks */,
			);
			runOnlyForDeploymentPostprocessing = 0;
		};
/* End PBXFrameworksBuildPhase section */

/* Begin PBXGroup section */
		3FB6D860194699D70002A368 = {
			isa = PBXGroup;
			children = (
				3FB6D874194699D80002A368 /* Adventures of Turing */,
				3FB6D89B194699D80002A368 /* Adventures of TuringTests */,
				3FB6D86B194699D70002A368 /* Frameworks */,
				3FB6D86A194699D70002A368 /* Products */,
			);
			sourceTree = "<group>";
		};
		3FB6D86A194699D70002A368 /* Products */ = {
			isa = PBXGroup;
			children = (
				3FB6D869194699D70002A368 /* Adventures of Turing.app */,
				3FB6D894194699D80002A368 /* Adventures of TuringTests.xctest */,
			);
			name = Products;
			sourceTree = "<group>";
		};
		3FB6D86B194699D70002A368 /* Frameworks */ = {
			isa = PBXGroup;
			children = (
				3FB6D86C194699D70002A368 /* Foundation.framework */,
				3FB6D86E194699D70002A368 /* CoreGraphics.framework */,
				3FB6D870194699D70002A368 /* UIKit.framework */,
				3FB6D872194699D80002A368 /* SpriteKit.framework */,
				3FB6D895194699D80002A368 /* XCTest.framework */,
			);
			name = Frameworks;
			sourceTree = "<group>";
		};
		3FB6D874194699D80002A368 /* Adventures of Turing */ = {
			isa = PBXGroup;
			children = (
				3FB6D87D194699D80002A368 /* spriteAppDelegate.h */,
				3FB6D87E194699D80002A368 /* spriteAppDelegate.m */,
				3FB6D880194699D80002A368 /* Main_iPhone.storyboard */,
				3FB6D883194699D80002A368 /* Main_iPad.storyboard */,
				3FB6D886194699D80002A368 /* ViewController.h */,
				3FB6D887194699D80002A368 /* ViewController.m */,
				3FB6D889194699D80002A368 /* GameScene.h */,
				3FB6D88A194699D80002A368 /* GameScene.m */,
				3FCF9B6E1947431500AA8FC5 /* Character.h */,
				3FCF9B6F1947431500AA8FC5 /* Character.m */,
				3F659FDC1948C55F00B5C8EE /* playerTextures.h */,
				3F659FDD1948C55F00B5C8EE /* playerTextures.m */,
				3FB6D88E194699D80002A368 /* Images.xcassets */,
				3FB6D875194699D80002A368 /* Supporting Files */,
				3FCF9B7119475DE300AA8FC5 /* backGroundLayer.h */,
				3FCF9B7219475DE300AA8FC5 /* backGroundLayer.m */,
			);
			path = "Adventures of Turing";
			sourceTree = "<group>";
		};
		3FB6D875194699D80002A368 /* Supporting Files */ = {
			isa = PBXGroup;
			children = (
				3FB6D876194699D80002A368 /* Adventures of Turing-Info.plist */,
				3FB6D877194699D80002A368 /* InfoPlist.strings */,
				3FB6D87A194699D80002A368 /* main.m */,
				3FB6D87C194699D80002A368 /* Adventures of Turing-Prefix.pch */,
			);
			name = "Supporting Files";
			sourceTree = "<group>";
		};
		3FB6D89B194699D80002A368 /* Adventures of TuringTests */ = {
			isa = PBXGroup;
			children = (
				3FB6D8A1194699D80002A368 /* Adventures_of_TuringTests.m */,
				3FB6D89C194699D80002A368 /* Supporting Files */,
			);
			path = "Adventures of TuringTests";
			sourceTree = "<group>";
		};
		3FB6D89C194699D80002A368 /* Supporting Files */ = {
			isa = PBXGroup;
			children = (
				3FB6D89D194699D80002A368 /* Adventures of TuringTests-Info.plist */,
				3FB6D89E194699D80002A368 /* InfoPlist.strings */,
			);
			name = "Supporting Files";
			sourceTree = "<group>";
		};
/* End PBXGroup section */

/* Begin PBXNativeTarget section */
		3FB6D868194699D70002A368 /* Adventures of Turing */ = {
			isa = PBXNativeTarget;
			buildConfigurationList = 3FB6D8A5194699D80002A368 /* Build configuration list for PBXNativeTarget "Adventures of Turing" */;
			buildPhases = (
				3FB6D865194699D70002A368 /* Sources */,
				3FB6D866194699D70002A368 /* Frameworks */,
				3FB6D867194699D70002A368 /* Resources */,
			);
			buildRules = (
			);
			dependencies = (
			);
			name = "Adventures of Turing";
			productName = "Adventures of Turing";
			productReference = 3FB6D869194699D70002A368 /* Adventures of Turing.app */;
			productType = "com.apple.product-type.application";
		};
		3FB6D893194699D80002A368 /* Adventures of TuringTests */ = {
			isa = PBXNativeTarget;
			buildConfigurationList = 3FB6D8A8194699D80002A368 /* Build configuration list for PBXNativeTarget "Adventures of TuringTests" */;
			buildPhases = (
				3FB6D890194699D80002A368 /* Sources */,
				3FB6D891194699D80002A368 /* Frameworks */,
				3FB6D892194699D80002A368 /* Resources */,
			);
			buildRules = (
			);
			dependencies = (
				3FB6D89A194699D80002A368 /* PBXTargetDependency */,
			);
			name = "Adventures of TuringTests";
			productName = "Adventures of TuringTests";
			productReference = 3FB6D894194699D80002A368 /* Adventures of TuringTests.xctest */;
			productType = "com.apple.product-type.bundle.unit-test";
		};
/* End PBXNativeTarget section */

/* Begin PBXProject section */
		3FB6D861194699D70002A368 /* Project object */ = {
			isa = PBXProject;
			attributes = {
				CLASSPREFIX = sprite;
				LastUpgradeCheck = 0510;
				ORGANIZATIONNAME = "Andrew-Burkus";
				TargetAttributes = {
					3FB6D868194699D70002A368 = {
						DevelopmentTeam = AL5F4P23U2;
					};
					3FB6D893194699D80002A368 = {
						TestTargetID = 3FB6D868194699D70002A368;
					};
				};
			};
			buildConfigurationList = 3FB6D864194699D70002A368 /* Build configuration list for PBXProject "Adventures of Turing" */;
			compatibilityVersion = "Xcode 3.2";
			developmentRegion = English;
			hasScannedForEncodings = 0;
			knownRegions = (
				en,
				Base,
			);
			mainGroup = 3FB6D860194699D70002A368;
			productRefGroup = 3FB6D86A194699D70002A368 /* Products */;
			projectDirPath = "";
			projectRoot = "";
			targets = (
				3FB6D868194699D70002A368 /* Adventures of Turing */,
				3FB6D893194699D80002A368 /* Adventures of TuringTests */,
			);
		};
/* End PBXProject section */

/* Begin PBXResourcesBuildPhase section */
		3FB6D867194699D70002A368 /* Resources */ = {
			isa = PBXResourcesBuildPhase;
			buildActionMask = 2147483647;
			files = (
				3FB6D88F194699D80002A368 /* Images.xcassets in Resources */,
				3FB6D885194699D80002A368 /* Main_iPad.storyboard in Resources */,
				3FB6D882194699D80002A368 /* Main_iPhone.storyboard in Resources */,
				3FB6D879194699D80002A368 /* InfoPlist.strings in Resources */,
			);
			runOnlyForDeploymentPostprocessing = 0;
		};
		3FB6D892194699D80002A368 /* Resources */ = {
			isa = PBXResourcesBuildPhase;
			buildActionMask = 2147483647;
			files = (
				3FB6D8A0194699D80002A368 /* InfoPlist.strings in Resources */,
			);
			runOnlyForDeploymentPostprocessing = 0;
		};
/* End PBXResourcesBuildPhase section */

/* Begin PBXSourcesBuildPhase section */
		3FB6D865194699D70002A368 /* Sources */ = {
			isa = PBXSourcesBuildPhase;
			buildActionMask = 2147483647;
			files = (
				3FCF9B701947431500AA8FC5 /* Character.m in Sources */,
				3FB6D888194699D80002A368 /* ViewController.m in Sources */,
				3F659FDE1948C55F00B5C8EE /* playerTextures.m in Sources */,
				3FB6D88B194699D80002A368 /* GameScene.m in Sources */,
				3FB6D87B194699D80002A368 /* main.m in Sources */,
				3FB6D87F194699D80002A368 /* spriteAppDelegate.m in Sources */,
				3FCF9B7319475DE300AA8FC5 /* backGroundLayer.m in Sources */,
			);
			runOnlyForDeploymentPostprocessing = 0;
		};
		3FB6D890194699D80002A368 /* Sources */ = {
			isa = PBXSourcesBuildPhase;
			buildActionMask = 2147483647;
			files = (
				3FB6D8A2194699D80002A368 /* Adventures_of_TuringTests.m in Sources */,
			);
			runOnlyForDeploymentPostprocessing = 0;
		};
/* End PBXSourcesBuildPhase section */

/* Begin PBXTargetDependency section */
		3FB6D89A194699D80002A368 /* PBXTargetDependency */ = {
			isa = PBXTargetDependency;
			target = 3FB6D868194699D70002A368 /* Adventures of Turing */;
			targetProxy = 3FB6D899194699D80002A368 /* PBXContainerItemProxy */;
		};
/* End PBXTargetDependency section */

/* Begin PBXVariantGroup section */
		3FB6D877194699D80002A368 /* InfoPlist.strings */ = {
			isa = PBXVariantGroup;
			children = (
				3FB6D878194699D80002A368 /* en */,
			);
			name = InfoPlist.strings;
			sourceTree = "<group>";
		};
		3FB6D880194699D80002A368 /* Main_iPhone.storyboard */ = {
			isa = PBXVariantGroup;
			children = (
				3FB6D881194699D80002A368 /* Base */,
			);
			name = Main_iPhone.storyboard;
			sourceTree = "<group>";
		};
		3FB6D883194699D80002A368 /* Main_iPad.storyboard */ = {
			isa = PBXVariantGroup;
			children = (
				3FB6D884194699D80002A368 /* Base */,
			);
			name = Main_iPad.storyboard;
			sourceTree = "<group>";
		};
		3FB6D89E194699D80002A368 /* InfoPlist.strings */ = {
			isa = PBXVariantGroup;
			children = (
				3FB6D89F194699D80002A368 /* en */,
			);
			name = InfoPlist.strings;
			sourceTree = "<group>";
		};
/* End PBXVariantGroup section */

/* Begin XCBuildConfiguration section */
		3FB6D8A3194699D80002A368 /* Debug */ = {
			isa = XCBuildConfiguration;
			buildSettings = {
				ALWAYS_SEARCH_USER_PATHS = NO;
				CLANG_CXX_LANGUAGE_STANDARD = "gnu++0x";
				CLANG_CXX_LIBRARY = "libc++";
				CLANG_ENABLE_MODULES = YES;
				CLANG_ENABLE_OBJC_ARC = YES;
				CLANG_WARN_BOOL_CONVERSION = YES;
				CLANG_WARN_CONSTANT_CONVERSION = YES;
				CLANG_WARN_DIRECT_OBJC_ISA_USAGE = YES_ERROR;
				CLANG_WARN_EMPTY_BODY = YES;
				CLANG_WARN_ENUM_CONVERSION = YES;
				CLANG_WARN_INT_CONVERSION = YES;
				CLANG_WARN_OBJC_ROOT_CLASS = YES_ERROR;
				CLANG_WARN__DUPLICATE_METHOD_MATCH = YES;
				"CODE_SIGN_IDENTITY[sdk=iphoneos*]" = "iPhone Developer";
				COPY_PHASE_STRIP = NO;
				GCC_C_LANGUAGE_STANDARD = gnu99;
				GCC_DYNAMIC_NO_PIC = NO;
				GCC_OPTIMIZATION_LEVEL = 0;
				GCC_PREPROCESSOR_DEFINITIONS = (
					"DEBUG=1",
					"$(inherited)",
				);
				GCC_SYMBOLS_PRIVATE_EXTERN = NO;
				GCC_WARN_64_TO_32_BIT_CONVERSION = YES;
				GCC_WARN_ABOUT_RETURN_TYPE = YES_ERROR;
				GCC_WARN_UNDECLARED_SELECTOR = YES;
				GCC_WARN_UNINITIALIZED_AUTOS = YES_AGGRESSIVE;
				GCC_WARN_UNUSED_FUNCTION = YES;
				GCC_WARN_UNUSED_VARIABLE = YES;
				IPHONEOS_DEPLOYMENT_TARGET = 7.1;
				ONLY_ACTIVE_ARCH = YES;
				SDKROOT = iphoneos;
				TARGETED_DEVICE_FAMILY = "1,2";
			};
			name = Debug;
		};
		3FB6D8A4194699D80002A368 /* Release */ = {
			isa = XCBuildConfiguration;
			buildSettings = {
				ALWAYS_SEARCH_USER_PATHS = NO;
				CLANG_CXX_LANGUAGE_STANDARD = "gnu++0x";
				CLANG_CXX_LIBRARY = "libc++";
				CLANG_ENABLE_MODULES = YES;
				CLANG_ENABLE_OBJC_ARC = YES;
				CLANG_WARN_BOOL_CONVERSION = YES;
				CLANG_WARN_CONSTANT_CONVERSION = YES;
				CLANG_WARN_DIRECT_OBJC_ISA_USAGE = YES_ERROR;
				CLANG_WARN_EMPTY_BODY = YES;
				CLANG_WARN_ENUM_CONVERSION = YES;
				CLANG_WARN_INT_CONVERSION = YES;
				CLANG_WARN_OBJC_ROOT_CLASS = YES_ERROR;
				CLANG_WARN__DUPLICATE_METHOD_MATCH = YES;
				"CODE_SIGN_IDENTITY[sdk=iphoneos*]" = "iPhone Developer";
				COPY_PHASE_STRIP = YES;
				ENABLE_NS_ASSERTIONS = NO;
				GCC_C_LANGUAGE_STANDARD = gnu99;
				GCC_WARN_64_TO_32_BIT_CONVERSION = YES;
				GCC_WARN_ABOUT_RETURN_TYPE = YES_ERROR;
				GCC_WARN_UNDECLARED_SELECTOR = YES;
				GCC_WARN_UNINITIALIZED_AUTOS = YES_AGGRESSIVE;
				GCC_WARN_UNUSED_FUNCTION = YES;
				GCC_WARN_UNUSED_VARIABLE = YES;
				IPHONEOS_DEPLOYMENT_TARGET = 7.1;
				SDKROOT = iphoneos;
				TARGETED_DEVICE_FAMILY = "1,2";
				VALIDATE_PRODUCT = YES;
			};
			name = Release;
		};
		3FB6D8A6194699D80002A368 /* Debug */ = {
			isa = XCBuildConfiguration;
			buildSettings = {
				ASSETCATALOG_COMPILER_APPICON_NAME = AppIcon;
				ASSETCATALOG_COMPILER_LAUNCHIMAGE_NAME = LaunchImage;
				CODE_SIGN_IDENTITY = "iPhone Developer";
				GCC_PRECOMPILE_PREFIX_HEADER = YES;
				GCC_PREFIX_HEADER = "Adventures of Turing/Adventures of Turing-Prefix.pch";
				INFOPLIST_FILE = "Adventures of Turing/Adventures of Turing-Info.plist";
				IPHONEOS_DEPLOYMENT_TARGET = 7.0;
				PRODUCT_NAME = "$(TARGET_NAME)";
				SPRITEKIT_TEXTURE_ATLAS_OUTPUT = YES;
				TARGETED_DEVICE_FAMILY = 1;
				WRAPPER_EXTENSION = app;
			};
			name = Debug;
		};
		3FB6D8A7194699D80002A368 /* Release */ = {
			isa = XCBuildConfiguration;
			buildSettings = {
				ASSETCATALOG_COMPILER_APPICON_NAME = AppIcon;
				ASSETCATALOG_COMPILER_LAUNCHIMAGE_NAME = LaunchImage;
				CODE_SIGN_IDENTITY = "iPhone Developer";
				GCC_PRECOMPILE_PREFIX_HEADER = YES;
				GCC_PREFIX_HEADER = "Adventures of Turing/Adventures of Turing-Prefix.pch";
				INFOPLIST_FILE = "Adventures of Turing/Adventures of Turing-Info.plist";
				IPHONEOS_DEPLOYMENT_TARGET = 7.0;
				PRODUCT_NAME = "$(TARGET_NAME)";
				SPRITEKIT_TEXTURE_ATLAS_OUTPUT = YES;
				TARGETED_DEVICE_FAMILY = 1;
				WRAPPER_EXTENSION = app;
			};
			name = Release;
		};
		3FB6D8A9194699D80002A368 /* Debug */ = {
			isa = XCBuildConfiguration;
			buildSettings = {
				BUNDLE_LOADER = "$(BUILT_PRODUCTS_DIR)/Adventures of Turing.app/Adventures of Turing";
				FRAMEWORK_SEARCH_PATHS = (
					"$(SDKROOT)/Developer/Library/Frameworks",
					"$(inherited)",
					"$(DEVELOPER_FRAMEWORKS_DIR)",
				);
				GCC_PRECOMPILE_PREFIX_HEADER = YES;
				GCC_PREFIX_HEADER = "Adventures of Turing/Adventures of Turing-Prefix.pch";
				GCC_PREPROCESSOR_DEFINITIONS = (
					"DEBUG=1",
					"$(inherited)",
				);
				INFOPLIST_FILE = "Adventures of TuringTests/Adventures of TuringTests-Info.plist";
				PRODUCT_NAME = "$(TARGET_NAME)";
				TEST_HOST = "$(BUNDLE_LOADER)";
				WRAPPER_EXTENSION = xctest;
			};
			name = Debug;
		};
		3FB6D8AA194699D80002A368 /* Release */ = {
			isa = XCBuildConfiguration;
			buildSettings = {
				BUNDLE_LOADER = "$(BUILT_PRODUCTS_DIR)/Adventures of Turing.app/Adventures of Turing";
				FRAMEWORK_SEARCH_PATHS = (
					"$(SDKROOT)/Developer/Library/Frameworks",
					"$(inherited)",
					"$(DEVELOPER_FRAMEWORKS_DIR)",
				);
				GCC_PRECOMPILE_PREFIX_HEADER = YES;
				GCC_PREFIX_HEADER = "Adventures of Turing/Adventures of Turing-Prefix.pch";
				INFOPLIST_FILE = "Adventures of TuringTests/Adventures of TuringTests-Info.plist";
				PRODUCT_NAME = "$(TARGET_NAME)";
				TEST_HOST = "$(BUNDLE_LOADER)";
				WRAPPER_EXTENSION = xctest;
			};
			name = Release;
		};
/* End XCBuildConfiguration section */

/* Begin XCConfigurationList section */
		3FB6D864194699D70002A368 /* Build configuration list for PBXProject "Adventures of Turing" */ = {
			isa = XCConfigurationList;
			buildConfigurations = (
				3FB6D8A3194699D80002A368 /* Debug */,
				3FB6D8A4194699D80002A368 /* Release */,
			);
			defaultConfigurationIsVisible = 0;
			defaultConfigurationName = Release;
		};
		3FB6D8A5194699D80002A368 /* Build configuration list for PBXNativeTarget "Adventures of Turing" */ = {
			isa = XCConfigurationList;
			buildConfigurations = (
				3FB6D8A6194699D80002A368 /* Debug */,
				3FB6D8A7194699D80002A368 /* Release */,
			);
			defaultConfigurationIsVisible = 0;
			defaultConfigurationName = Release;
		};
		3FB6D8A8194699D80002A368 /* Build configuration list for PBXNativeTarget "Adventures of TuringTests" */ = {
			isa = XCConfigurationList;
			buildConfigurations = (
				3FB6D8A9194699D80002A368 /* Debug */,
				3FB6D8AA194699D80002A368 /* Release */,
			);
			defaultConfigurationIsVisible = 0;
			defaultConfigurationName = Release;
		};
/* End XCConfigurationList section */
	};
	rootObject = 3FB6D861194699D70002A368 /* Project object */;
}
