// !$*UTF8*$!
{
	archiveVersion = 1;
	classes = {
	};
	objectVersion = 46;
	objects = {

/* Begin PBXBuildFile section */
		3F06661C1951D8DA00E003C2 /* Booton.m in Sources */ = {isa = PBXBuildFile; fileRef = 3F06661B1951D8DA00E003C2 /* Booton.m */; };
		3F06661F1951E69400E003C2 /* KillCounter.m in Sources */ = {isa = PBXBuildFile; fileRef = 3F06661E1951E69400E003C2 /* KillCounter.m */; };
		3F34A0AD195095BE0079012B /* Weapon.m in Sources */ = {isa = PBXBuildFile; fileRef = 3F34A0AC195095BE0079012B /* Weapon.m */; };
		3F47F3DF194F4E10007F3CA6 /* Chief.m in Sources */ = {isa = PBXBuildFile; fileRef = 3F47F3DE194F4E10007F3CA6 /* Chief.m */; };
		3FB6D86D194699D70002A368 /* Foundation.framework in Frameworks */ = {isa = PBXBuildFile; fileRef = 3FB6D86C194699D70002A368 /* Foundation.framework */; };
		3FB6D86F194699D70002A368 /* CoreGraphics.framework in Frameworks */ = {isa = PBXBuildFile; fileRef = 3FB6D86E194699D70002A368 /* CoreGraphics.framework */; };
		3FB6D871194699D70002A368 /* UIKit.framework in Frameworks */ = {isa = PBXBuildFile; fileRef = 3FB6D870194699D70002A368 /* UIKit.framework */; };
		3FB6D873194699D80002A368 /* SpriteKit.framework in Frameworks */ = {isa = PBXBuildFile; fileRef = 3FB6D872194699D80002A368 /* SpriteKit.framework */; };
		3FB6D879194699D80002A368 /* InfoPlist.strings in Resources */ = {isa = PBXBuildFile; fileRef = 3FB6D877194699D80002A368 /* InfoPlist.strings */; };
		3FB6D87B194699D80002A368 /* main.m in Sources */ = {isa = PBXBuildFile; fileRef = 3FB6D87A194699D80002A368 /* main.m */; };
		3FB6D87F194699D80002A368 /* spriteAppDelegate.m in Sources */ = {isa = PBXBuildFile; fileRef = 3FB6D87E194699D80002A368 /* spriteAppDelegate.m */; };
		3FB6D882194699D80002A368 /* Main_iPhone.storyboard in Resources */ = {isa = PBXBuildFile; fileRef = 3FB6D880194699D80002A368 /* Main_iPhone.storyboard */; };
		3FB6D885194699D80002A368 /* Main_iPad.storyboard in Resources */ = {isa = PBXBuildFile; fileRef = 3FB6D883194699D80002A368 /* Main_iPad.storyboard */; };
		3FB6D888194699D80002A368 /* ViewController.m in Sources */ = {isa = PBXBuildFile; fileRef = 3FB6D887194699D80002A368 /* ViewController.m */; };
		3FB6D88B194699D80002A368 /* GameScene.m in Sources */ = {isa = PBXBuildFile; fileRef = 3FB6D88A194699D80002A368 /* GameScene.m */; };
		3FB6D88F194699D80002A368 /* Images.xcassets in Resources */ = {isa = PBXBuildFile; fileRef = 3FB6D88E194699D80002A368 /* Images.xcassets */; };
		3FB6D896194699D80002A368 /* XCTest.framework in Frameworks */ = {isa = PBXBuildFile; fileRef = 3FB6D895194699D80002A368 /* XCTest.framework */; };
		3FB6D897194699D80002A368 /* Foundation.framework in Frameworks */ = {isa = PBXBuildFile; fileRef = 3FB6D86C194699D70002A368 /* Foundation.framework */; };
		3FB6D898194699D80002A368 /* UIKit.framework in Frameworks */ = {isa = PBXBuildFile; fileRef = 3FB6D870194699D70002A368 /* UIKit.framework */; };
		3FB6D8A0194699D80002A368 /* InfoPlist.strings in Resources */ = {isa = PBXBuildFile; fileRef = 3FB6D89E194699D80002A368 /* InfoPlist.strings */; };
		3FB6D8A2194699D80002A368 /* Adventures_of_TuringTests.m in Sources */ = {isa = PBXBuildFile; fileRef = 3FB6D8A1194699D80002A368 /* Adventures_of_TuringTests.m */; };
		3FBCFAA0195248F500D64EBF /* Grunt.m in Sources */ = {isa = PBXBuildFile; fileRef = 3FBCFA9F195248F500D64EBF /* Grunt.m */; };
		3FBCFAA219525B3600D64EBF /* gruntyow.mp3 in Resources */ = {isa = PBXBuildFile; fileRef = 3FBCFAA119525B3600D64EBF /* gruntyow.mp3 */; };
		3FBCFAA419525B4500D64EBF /* johnson.mp3 in Resources */ = {isa = PBXBuildFile; fileRef = 3FBCFAA319525B4500D64EBF /* johnson.mp3 */; };
		3FBCFAA619525B5A00D64EBF /* killjoy.mp3 in Resources */ = {isa = PBXBuildFile; fileRef = 3FBCFAA519525B5A00D64EBF /* killjoy.mp3 */; };
		3FBCFAA819525B8200D64EBF /* cakehol.mp3 in Resources */ = {isa = PBXBuildFile; fileRef = 3FBCFAA719525B8200D64EBF /* cakehol.mp3 */; };
		3FBCFAAA19525B9C00D64EBF /* screamgrunt.mp3 in Resources */ = {isa = PBXBuildFile; fileRef = 3FBCFAA919525B9C00D64EBF /* screamgrunt.mp3 */; };
		3FBCFAAC19525BA600D64EBF /* bringit.mp3 in Resources */ = {isa = PBXBuildFile; fileRef = 3FBCFAAB19525BA600D64EBF /* bringit.mp3 */; };
		3FBCFAAE19525CED00D64EBF /* cancelchristmas.mp3 in Resources */ = {isa = PBXBuildFile; fileRef = 3FBCFAAD19525CED00D64EBF /* cancelchristmas.mp3 */; };
		3FBCFAB01952621000D64EBF /* killtacular.mp3 in Resources */ = {isa = PBXBuildFile; fileRef = 3FBCFAAF1952621000D64EBF /* killtacular.mp3 */; };
		3FBCFAB21952621900D64EBF /* doublekill.mp3 in Resources */ = {isa = PBXBuildFile; fileRef = 3FBCFAB11952621900D64EBF /* doublekill.mp3 */; };
		3FBCFAB41952622400D64EBF /* triplekill.mp3 in Resources */ = {isa = PBXBuildFile; fileRef = 3FBCFAB31952622400D64EBF /* triplekill.mp3 */; };
		3FBCFABA1952769B00D64EBF /* AssaultRifleReload.mp3 in Resources */ = {isa = PBXBuildFile; fileRef = 3FBCFAB51952769B00D64EBF /* AssaultRifleReload.mp3 */; };
		3FBCFABB1952769B00D64EBF /* AssaultRifleSound.mp3 in Resources */ = {isa = PBXBuildFile; fileRef = 3FBCFAB61952769B00D64EBF /* AssaultRifleSound.mp3 */; };
		3FBCFABC1952769B00D64EBF /* PistolReloadSound.mp3 in Resources */ = {isa = PBXBuildFile; fileRef = 3FBCFAB71952769B00D64EBF /* PistolReloadSound.mp3 */; };
		3FBCFABD1952769B00D64EBF /* PistolShot.mp3 in Resources */ = {isa = PBXBuildFile; fileRef = 3FBCFAB81952769B00D64EBF /* PistolShot.mp3 */; };
		3FBCFABE1952769B00D64EBF /* rocketexplosion.mp3 in Resources */ = {isa = PBXBuildFile; fileRef = 3FBCFAB91952769B00D64EBF /* rocketexplosion.mp3 */; };
		3FBCFAC2195280E300D64EBF /* jump.wav in Resources */ = {isa = PBXBuildFile; fileRef = 3FBCFAC1195280E300D64EBF /* jump.wav */; };
/* End PBXBuildFile section */

/* Begin PBXContainerItemProxy section */
		3FB6D899194699D80002A368 /* PBXContainerItemProxy */ = {
			isa = PBXContainerItemProxy;
			containerPortal = 3FB6D861194699D70002A368 /* Project object */;
			proxyType = 1;
			remoteGlobalIDString = 3FB6D868194699D70002A368;
			remoteInfo = "Adventures of Turing";
		};
/* End PBXContainerItemProxy section */

/* Begin PBXFileReference section */
		3F06661A1951D8DA00E003C2 /* Booton.h */ = {isa = PBXFileReference; fileEncoding = 4; lastKnownFileType = sourcecode.c.h; path = Booton.h; sourceTree = "<group>"; };
		3F06661B1951D8DA00E003C2 /* Booton.m */ = {isa = PBXFileReference; fileEncoding = 4; lastKnownFileType = sourcecode.c.objc; path = Booton.m; sourceTree = "<group>"; };
		3F06661D1951E69400E003C2 /* KillCounter.h */ = {isa = PBXFileReference; fileEncoding = 4; lastKnownFileType = sourcecode.c.h; path = KillCounter.h; sourceTree = "<group>"; };
		3F06661E1951E69400E003C2 /* KillCounter.m */ = {isa = PBXFileReference; fileEncoding = 4; lastKnownFileType = sourcecode.c.objc; path = KillCounter.m; sourceTree = "<group>"; };
		3F34A0AB195095BE0079012B /* Weapon.h */ = {isa = PBXFileReference; fileEncoding = 4; lastKnownFileType = sourcecode.c.h; path = Weapon.h; sourceTree = "<group>"; };
		3F34A0AC195095BE0079012B /* Weapon.m */ = {isa = PBXFileReference; fileEncoding = 4; lastKnownFileType = sourcecode.c.objc; path = Weapon.m; sourceTree = "<group>"; };
		3F47F3DD194F4E10007F3CA6 /* Chief.h */ = {isa = PBXFileReference; fileEncoding = 4; lastKnownFileType = sourcecode.c.h; path = Chief.h; sourceTree = "<group>"; };
		3F47F3DE194F4E10007F3CA6 /* Chief.m */ = {isa = PBXFileReference; fileEncoding = 4; lastKnownFileType = sourcecode.c.objc; path = Chief.m; sourceTree = "<group>"; };
		3FB6D869194699D70002A368 /* RetroHalo.app */ = {isa = PBXFileReference; explicitFileType = wrapper.application; includeInIndex = 0; path = RetroHalo.app; sourceTree = BUILT_PRODUCTS_DIR; };
		3FB6D86C194699D70002A368 /* Foundation.framework */ = {isa = PBXFileReference; lastKnownFileType = wrapper.framework; name = Foundation.framework; path = System/Library/Frameworks/Foundation.framework; sourceTree = SDKROOT; };
		3FB6D86E194699D70002A368 /* CoreGraphics.framework */ = {isa = PBXFileReference; lastKnownFileType = wrapper.framework; name = CoreGraphics.framework; path = System/Library/Frameworks/CoreGraphics.framework; sourceTree = SDKROOT; };
		3FB6D870194699D70002A368 /* UIKit.framework */ = {isa = PBXFileReference; lastKnownFileType = wrapper.framework; name = UIKit.framework; path = System/Library/Frameworks/UIKit.framework; sourceTree = SDKROOT; };
		3FB6D872194699D80002A368 /* SpriteKit.framework */ = {isa = PBXFileReference; lastKnownFileType = wrapper.framework; name = SpriteKit.framework; path = System/Library/Frameworks/SpriteKit.framework; sourceTree = SDKROOT; };
		3FB6D876194699D80002A368 /* RetroHalo-Info.plist */ = {isa = PBXFileReference; lastKnownFileType = text.plist.xml; path = "RetroHalo-Info.plist"; sourceTree = "<group>"; };
		3FB6D878194699D80002A368 /* en */ = {isa = PBXFileReference; lastKnownFileType = text.plist.strings; name = en; path = en.lproj/InfoPlist.strings; sourceTree = "<group>"; };
		3FB6D87A194699D80002A368 /* main.m */ = {isa = PBXFileReference; lastKnownFileType = sourcecode.c.objc; path = main.m; sourceTree = "<group>"; };
		3FB6D87C194699D80002A368 /* RetroHalo-Prefix.pch */ = {isa = PBXFileReference; lastKnownFileType = sourcecode.c.h; path = "RetroHalo-Prefix.pch"; sourceTree = "<group>"; };
		3FB6D87D194699D80002A368 /* spriteAppDelegate.h */ = {isa = PBXFileReference; lastKnownFileType = sourcecode.c.h; path = spriteAppDelegate.h; sourceTree = "<group>"; };
		3FB6D87E194699D80002A368 /* spriteAppDelegate.m */ = {isa = PBXFileReference; lastKnownFileType = sourcecode.c.objc; path = spriteAppDelegate.m; sourceTree = "<group>"; };
		3FB6D881194699D80002A368 /* Base */ = {isa = PBXFileReference; lastKnownFileType = file.storyboard; name = Base; path = Base.lproj/Main_iPhone.storyboard; sourceTree = "<group>"; };
		3FB6D884194699D80002A368 /* Base */ = {isa = PBXFileReference; lastKnownFileType = file.storyboard; name = Base; path = Base.lproj/Main_iPad.storyboard; sourceTree = "<group>"; };
		3FB6D886194699D80002A368 /* ViewController.h */ = {isa = PBXFileReference; lastKnownFileType = sourcecode.c.h; path = ViewController.h; sourceTree = "<group>"; };
		3FB6D887194699D80002A368 /* ViewController.m */ = {isa = PBXFileReference; lastKnownFileType = sourcecode.c.objc; path = ViewController.m; sourceTree = "<group>"; };
		3FB6D889194699D80002A368 /* GameScene.h */ = {isa = PBXFileReference; lastKnownFileType = sourcecode.c.h; path = GameScene.h; sourceTree = "<group>"; };
		3FB6D88A194699D80002A368 /* GameScene.m */ = {isa = PBXFileReference; lastKnownFileType = sourcecode.c.objc; path = GameScene.m; sourceTree = "<group>"; };
		3FB6D88E194699D80002A368 /* Images.xcassets */ = {isa = PBXFileReference; lastKnownFileType = folder.assetcatalog; path = Images.xcassets; sourceTree = "<group>"; };
		3FB6D894194699D80002A368 /* RetroHaloTests.xctest */ = {isa = PBXFileReference; explicitFileType = wrapper.cfbundle; includeInIndex = 0; path = RetroHaloTests.xctest; sourceTree = BUILT_PRODUCTS_DIR; };
		3FB6D895194699D80002A368 /* XCTest.framework */ = {isa = PBXFileReference; lastKnownFileType = wrapper.framework; name = XCTest.framework; path = Library/Frameworks/XCTest.framework; sourceTree = DEVELOPER_DIR; };
		3FB6D89D194699D80002A368 /* RetroHaloTests-Info.plist */ = {isa = PBXFileReference; lastKnownFileType = text.plist.xml; path = "RetroHaloTests-Info.plist"; sourceTree = "<group>"; };
		3FB6D89F194699D80002A368 /* en */ = {isa = PBXFileReference; lastKnownFileType = text.plist.strings; name = en; path = en.lproj/InfoPlist.strings; sourceTree = "<group>"; };
		3FB6D8A1194699D80002A368 /* Adventures_of_TuringTests.m */ = {isa = PBXFileReference; lastKnownFileType = sourcecode.c.objc; path = Adventures_of_TuringTests.m; sourceTree = "<group>"; };
		3FBCFA9E195248F500D64EBF /* Grunt.h */ = {isa = PBXFileReference; fileEncoding = 4; lastKnownFileType = sourcecode.c.h; path = Grunt.h; sourceTree = "<group>"; };
		3FBCFA9F195248F500D64EBF /* Grunt.m */ = {isa = PBXFileReference; fileEncoding = 4; lastKnownFileType = sourcecode.c.objc; path = Grunt.m; sourceTree = "<group>"; };
		3FBCFAA119525B3600D64EBF /* gruntyow.mp3 */ = {isa = PBXFileReference; lastKnownFileType = audio.mp3; name = gruntyow.mp3; path = ../../gruntyow.mp3; sourceTree = "<group>"; };
		3FBCFAA319525B4500D64EBF /* johnson.mp3 */ = {isa = PBXFileReference; lastKnownFileType = audio.mp3; name = johnson.mp3; path = ../../johnson.mp3; sourceTree = "<group>"; };
		3FBCFAA519525B5A00D64EBF /* killjoy.mp3 */ = {isa = PBXFileReference; lastKnownFileType = audio.mp3; name = killjoy.mp3; path = ../../killjoy.mp3; sourceTree = "<group>"; };
		3FBCFAA719525B8200D64EBF /* cakehol.mp3 */ = {isa = PBXFileReference; lastKnownFileType = audio.mp3; name = cakehol.mp3; path = ../../cakehol.mp3; sourceTree = "<group>"; };
		3FBCFAA919525B9C00D64EBF /* screamgrunt.mp3 */ = {isa = PBXFileReference; lastKnownFileType = audio.mp3; name = screamgrunt.mp3; path = ../../screamgrunt.mp3; sourceTree = "<group>"; };
		3FBCFAAB19525BA600D64EBF /* bringit.mp3 */ = {isa = PBXFileReference; lastKnownFileType = audio.mp3; name = bringit.mp3; path = ../../bringit.mp3; sourceTree = "<group>"; };
		3FBCFAAD19525CED00D64EBF /* cancelchristmas.mp3 */ = {isa = PBXFileReference; lastKnownFileType = audio.mp3; name = cancelchristmas.mp3; path = ../../cancelchristmas.mp3; sourceTree = "<group>"; };
		3FBCFAAF1952621000D64EBF /* killtacular.mp3 */ = {isa = PBXFileReference; lastKnownFileType = audio.mp3; name = killtacular.mp3; path = ../../killtacular.mp3; sourceTree = "<group>"; };
		3FBCFAB11952621900D64EBF /* doublekill.mp3 */ = {isa = PBXFileReference; lastKnownFileType = audio.mp3; name = doublekill.mp3; path = ../../doublekill.mp3; sourceTree = "<group>"; };
		3FBCFAB31952622400D64EBF /* triplekill.mp3 */ = {isa = PBXFileReference; lastKnownFileType = audio.mp3; name = triplekill.mp3; path = ../../triplekill.mp3; sourceTree = "<group>"; };
		3FBCFAB51952769B00D64EBF /* AssaultRifleReload.mp3 */ = {isa = PBXFileReference; lastKnownFileType = audio.mp3; name = AssaultRifleReload.mp3; path = ../../../../../Volumes/THINGS/Audio/AssaultRifleReload.mp3; sourceTree = "<group>"; };
		3FBCFAB61952769B00D64EBF /* AssaultRifleSound.mp3 */ = {isa = PBXFileReference; lastKnownFileType = audio.mp3; name = AssaultRifleSound.mp3; path = ../../../../../Volumes/THINGS/Audio/AssaultRifleSound.mp3; sourceTree = "<group>"; };
		3FBCFAB71952769B00D64EBF /* PistolReloadSound.mp3 */ = {isa = PBXFileReference; lastKnownFileType = audio.mp3; name = PistolReloadSound.mp3; path = ../../../../../Volumes/THINGS/Audio/PistolReloadSound.mp3; sourceTree = "<group>"; };
		3FBCFAB81952769B00D64EBF /* PistolShot.mp3 */ = {isa = PBXFileReference; lastKnownFileType = audio.mp3; name = PistolShot.mp3; path = ../../../../../Volumes/THINGS/Audio/PistolShot.mp3; sourceTree = "<group>"; };
		3FBCFAB91952769B00D64EBF /* rocketexplosion.mp3 */ = {isa = PBXFileReference; lastKnownFileType = audio.mp3; name = rocketexplosion.mp3; path = ../../../../../Volumes/THINGS/Audio/rocketexplosion.mp3; sourceTree = "<group>"; };
		3FBCFAC1195280E300D64EBF /* jump.wav */ = {isa = PBXFileReference; lastKnownFileType = audio.wav; name = jump.wav; path = ../../../Downloads/jump.wav; sourceTree = "<group>"; };
/* End PBXFileReference section */

/* Begin PBXFrameworksBuildPhase section */
		3FB6D866194699D70002A368 /* Frameworks */ = {
			isa = PBXFrameworksBuildPhase;
			buildActionMask = 2147483647;
			files = (
				3FB6D86F194699D70002A368 /* CoreGraphics.framework in Frameworks */,
				3FB6D871194699D70002A368 /* UIKit.framework in Frameworks */,
				3FB6D873194699D80002A368 /* SpriteKit.framework in Frameworks */,
				3FB6D86D194699D70002A368 /* Foundation.framework in Frameworks */,
			);
			runOnlyForDeploymentPostprocessing = 0;
		};
		3FB6D891194699D80002A368 /* Frameworks */ = {
			isa = PBXFrameworksBuildPhase;
			buildActionMask = 2147483647;
			files = (
				3FB6D896194699D80002A368 /* XCTest.framework in Frameworks */,
				3FB6D898194699D80002A368 /* UIKit.framework in Frameworks */,
				3FB6D897194699D80002A368 /* Foundation.framework in Frameworks */,
			);
			runOnlyForDeploymentPostprocessing = 0;
		};
/* End PBXFrameworksBuildPhase section */

/* Begin PBXGroup section */
		3FB6D860194699D70002A368 = {
			isa = PBXGroup;
			children = (
				3FB6D874194699D80002A368 /* RetroHaloSource */,
				3FB6D89B194699D80002A368 /* Adventures of TuringTests */,
				3FB6D86B194699D70002A368 /* Frameworks */,
				3FB6D86A194699D70002A368 /* Products */,
			);
			sourceTree = "<group>";
		};
		3FB6D86A194699D70002A368 /* Products */ = {
			isa = PBXGroup;
			children = (
				3FB6D869194699D70002A368 /* RetroHalo.app */,
				3FB6D894194699D80002A368 /* RetroHaloTests.xctest */,
			);
			name = Products;
			sourceTree = "<group>";
		};
		3FB6D86B194699D70002A368 /* Frameworks */ = {
			isa = PBXGroup;
			children = (
				3FB6D86C194699D70002A368 /* Foundation.framework */,
				3FB6D86E194699D70002A368 /* CoreGraphics.framework */,
				3FB6D870194699D70002A368 /* UIKit.framework */,
				3FB6D872194699D80002A368 /* SpriteKit.framework */,
				3FB6D895194699D80002A368 /* XCTest.framework */,
			);
			name = Frameworks;
			sourceTree = "<group>";
		};
		3FB6D874194699D80002A368 /* RetroHaloSource */ = {
			isa = PBXGroup;
			children = (
				3FBCFAC1195280E300D64EBF /* jump.wav */,
				3FBCFAB51952769B00D64EBF /* AssaultRifleReload.mp3 */,
				3FBCFAB61952769B00D64EBF /* AssaultRifleSound.mp3 */,
				3FBCFAB71952769B00D64EBF /* PistolReloadSound.mp3 */,
				3FBCFAB81952769B00D64EBF /* PistolShot.mp3 */,
				3FBCFAB91952769B00D64EBF /* rocketexplosion.mp3 */,
				3FBCFAB31952622400D64EBF /* triplekill.mp3 */,
				3FBCFAAF1952621000D64EBF /* killtacular.mp3 */,
				3FBCFAB11952621900D64EBF /* doublekill.mp3 */,
				3FBCFAAD19525CED00D64EBF /* cancelchristmas.mp3 */,
				3FBCFAAB19525BA600D64EBF /* bringit.mp3 */,
				3FBCFAA919525B9C00D64EBF /* screamgrunt.mp3 */,
				3FBCFAA719525B8200D64EBF /* cakehol.mp3 */,
				3FBCFAA519525B5A00D64EBF /* killjoy.mp3 */,
				3FBCFAA319525B4500D64EBF /* johnson.mp3 */,
				3FBCFAA119525B3600D64EBF /* gruntyow.mp3 */,
				3FB6D87D194699D80002A368 /* spriteAppDelegate.h */,
				3FB6D87E194699D80002A368 /* spriteAppDelegate.m */,
				3FB6D880194699D80002A368 /* Main_iPhone.storyboard */,
				3FB6D883194699D80002A368 /* Main_iPad.storyboard */,
				3FB6D886194699D80002A368 /* ViewController.h */,
				3FB6D887194699D80002A368 /* ViewController.m */,
				3FB6D87A194699D80002A368 /* main.m */,
				3FB6D889194699D80002A368 /* GameScene.h */,
				3FB6D88A194699D80002A368 /* GameScene.m */,
				3FB6D88E194699D80002A368 /* Images.xcassets */,
				3FB6D875194699D80002A368 /* Supporting Files */,
			);
			name = RetroHaloSource;
			path = "Adventures of Turing";
			sourceTree = "<group>";
		};
		3FB6D875194699D80002A368 /* Supporting Files */ = {
			isa = PBXGroup;
			children = (
				3F06661D1951E69400E003C2 /* KillCounter.h */,
				3F06661E1951E69400E003C2 /* KillCounter.m */,
				3F06661A1951D8DA00E003C2 /* Booton.h */,
				3F06661B1951D8DA00E003C2 /* Booton.m */,
				3FB6D876194699D80002A368 /* RetroHalo-Info.plist */,
				3FB6D877194699D80002A368 /* InfoPlist.strings */,
				3FB6D87C194699D80002A368 /* RetroHalo-Prefix.pch */,
				3F47F3DD194F4E10007F3CA6 /* Chief.h */,
				3F47F3DE194F4E10007F3CA6 /* Chief.m */,
				3FBCFA9E195248F500D64EBF /* Grunt.h */,
				3FBCFA9F195248F500D64EBF /* Grunt.m */,
				3F34A0AB195095BE0079012B /* Weapon.h */,
				3F34A0AC195095BE0079012B /* Weapon.m */,
			);
			name = "Supporting Files";
			sourceTree = "<group>";
		};
		3FB6D89B194699D80002A368 /* Adventures of TuringTests */ = {
			isa = PBXGroup;
			children = (
				3FB6D8A1194699D80002A368 /* Adventures_of_TuringTests.m */,
				3FB6D89C194699D80002A368 /* Supporting Files */,
			);
			path = "Adventures of TuringTests";
			sourceTree = "<group>";
		};
		3FB6D89C194699D80002A368 /* Supporting Files */ = {
			isa = PBXGroup;
			children = (
				3FB6D89D194699D80002A368 /* RetroHaloTests-Info.plist */,
				3FB6D89E194699D80002A368 /* InfoPlist.strings */,
			);
			name = "Supporting Files";
			sourceTree = "<group>";
		};
/* End PBXGroup section */

/* Begin PBXNativeTarget section */
		3FB6D868194699D70002A368 /* RetroHalo */ = {
			isa = PBXNativeTarget;
			buildConfigurationList = 3FB6D8A5194699D80002A368 /* Build configuration list for PBXNativeTarget "RetroHalo" */;
			buildPhases = (
				3FB6D865194699D70002A368 /* Sources */,
				3FB6D866194699D70002A368 /* Frameworks */,
				3FB6D867194699D70002A368 /* Resources */,
			);
			buildRules = (
			);
			dependencies = (
			);
			name = RetroHalo;
			productName = "Adventures of Turing";
			productReference = 3FB6D869194699D70002A368 /* RetroHalo.app */;
			productType = "com.apple.product-type.application";
		};
		3FB6D893194699D80002A368 /* RetroHaloTests */ = {
			isa = PBXNativeTarget;
			buildConfigurationList = 3FB6D8A8194699D80002A368 /* Build configuration list for PBXNativeTarget "RetroHaloTests" */;
			buildPhases = (
				3FB6D890194699D80002A368 /* Sources */,
				3FB6D891194699D80002A368 /* Frameworks */,
				3FB6D892194699D80002A368 /* Resources */,
			);
			buildRules = (
			);
			dependencies = (
				3FB6D89A194699D80002A368 /* PBXTargetDependency */,
			);
			name = RetroHaloTests;
			productName = "Adventures of TuringTests";
			productReference = 3FB6D894194699D80002A368 /* RetroHaloTests.xctest */;
			productType = "com.apple.product-type.bundle.unit-test";
		};
/* End PBXNativeTarget section */

/* Begin PBXProject section */
		3FB6D861194699D70002A368 /* Project object */ = {
			isa = PBXProject;
			attributes = {
				CLASSPREFIX = sprite;
				LastUpgradeCheck = 0510;
				ORGANIZATIONNAME = "Andrew-Burkus";
				TargetAttributes = {
					3FB6D868194699D70002A368 = {
						DevelopmentTeam = AL5F4P23U2;
					};
					3FB6D893194699D80002A368 = {
						TestTargetID = 3FB6D868194699D70002A368;
					};
				};
			};
			buildConfigurationList = 3FB6D864194699D70002A368 /* Build configuration list for PBXProject "RetroHalo" */;
			compatibilityVersion = "Xcode 3.2";
			developmentRegion = English;
			hasScannedForEncodings = 0;
			knownRegions = (
				en,
				Base,
			);
			mainGroup = 3FB6D860194699D70002A368;
			productRefGroup = 3FB6D86A194699D70002A368 /* Products */;
			projectDirPath = "";
			projectRoot = "";
			targets = (
				3FB6D868194699D70002A368 /* RetroHalo */,
				3FB6D893194699D80002A368 /* RetroHaloTests */,
			);
		};
/* End PBXProject section */

/* Begin PBXResourcesBuildPhase section */
		3FB6D867194699D70002A368 /* Resources */ = {
			isa = PBXResourcesBuildPhase;
			buildActionMask = 2147483647;
			files = (
				3FBCFAA819525B8200D64EBF /* cakehol.mp3 in Resources */,
				3FBCFAB01952621000D64EBF /* killtacular.mp3 in Resources */,
				3FBCFAA619525B5A00D64EBF /* killjoy.mp3 in Resources */,
				3FBCFAC2195280E300D64EBF /* jump.wav in Resources */,
				3FB6D88F194699D80002A368 /* Images.xcassets in Resources */,
				3FBCFABC1952769B00D64EBF /* PistolReloadSound.mp3 in Resources */,
				3FBCFAAE19525CED00D64EBF /* cancelchristmas.mp3 in Resources */,
				3FB6D885194699D80002A368 /* Main_iPad.storyboard in Resources */,
				3FBCFAAA19525B9C00D64EBF /* screamgrunt.mp3 in Resources */,
				3FBCFAA419525B4500D64EBF /* johnson.mp3 in Resources */,
				3FBCFABA1952769B00D64EBF /* AssaultRifleReload.mp3 in Resources */,
				3FB6D882194699D80002A368 /* Main_iPhone.storyboard in Resources */,
				3FB6D879194699D80002A368 /* InfoPlist.strings in Resources */,
				3FBCFABE1952769B00D64EBF /* rocketexplosion.mp3 in Resources */,
				3FBCFABB1952769B00D64EBF /* AssaultRifleSound.mp3 in Resources */,
				3FBCFABD1952769B00D64EBF /* PistolShot.mp3 in Resources */,
				3FBCFAAC19525BA600D64EBF /* bringit.mp3 in Resources */,
				3FBCFAB21952621900D64EBF /* doublekill.mp3 in Resources */,
				3FBCFAB41952622400D64EBF /* triplekill.mp3 in Resources */,
				3FBCFAA219525B3600D64EBF /* gruntyow.mp3 in Resources */,
			);
			runOnlyForDeploymentPostprocessing = 0;
		};
		3FB6D892194699D80002A368 /* Resources */ = {
			isa = PBXResourcesBuildPhase;
			buildActionMask = 2147483647;
			files = (
				3FB6D8A0194699D80002A368 /* InfoPlist.strings in Resources */,
			);
			runOnlyForDeploymentPostprocessing = 0;
		};
/* End PBXResourcesBuildPhase section */

/* Begin PBXSourcesBuildPhase section */
		3FB6D865194699D70002A368 /* Sources */ = {
			isa = PBXSourcesBuildPhase;
			buildActionMask = 2147483647;
			files = (
				3F47F3DF194F4E10007F3CA6 /* Chief.m in Sources */,
				3F06661C1951D8DA00E003C2 /* Booton.m in Sources */,
				3FB6D888194699D80002A368 /* ViewController.m in Sources */,
				3FB6D88B194699D80002A368 /* GameScene.m in Sources */,
				3F06661F1951E69400E003C2 /* KillCounter.m in Sources */,
				3FB6D87B194699D80002A368 /* main.m in Sources */,
				3FBCFAA0195248F500D64EBF /* Grunt.m in Sources */,
				3FB6D87F194699D80002A368 /* spriteAppDelegate.m in Sources */,
				3F34A0AD195095BE0079012B /* Weapon.m in Sources */,
			);
			runOnlyForDeploymentPostprocessing = 0;
		};
		3FB6D890194699D80002A368 /* Sources */ = {
			isa = PBXSourcesBuildPhase;
			buildActionMask = 2147483647;
			files = (
				3FB6D8A2194699D80002A368 /* Adventures_of_TuringTests.m in Sources */,
			);
			runOnlyForDeploymentPostprocessing = 0;
		};
/* End PBXSourcesBuildPhase section */

/* Begin PBXTargetDependency section */
		3FB6D89A194699D80002A368 /* PBXTargetDependency */ = {
			isa = PBXTargetDependency;
			target = 3FB6D868194699D70002A368 /* RetroHalo */;
			targetProxy = 3FB6D899194699D80002A368 /* PBXContainerItemProxy */;
		};
/* End PBXTargetDependency section */

/* Begin PBXVariantGroup section */
		3FB6D877194699D80002A368 /* InfoPlist.strings */ = {
			isa = PBXVariantGroup;
			children = (
				3FB6D878194699D80002A368 /* en */,
			);
			name = InfoPlist.strings;
			sourceTree = "<group>";
		};
		3FB6D880194699D80002A368 /* Main_iPhone.storyboard */ = {
			isa = PBXVariantGroup;
			children = (
				3FB6D881194699D80002A368 /* Base */,
			);
			name = Main_iPhone.storyboard;
			sourceTree = "<group>";
		};
		3FB6D883194699D80002A368 /* Main_iPad.storyboard */ = {
			isa = PBXVariantGroup;
			children = (
				3FB6D884194699D80002A368 /* Base */,
			);
			name = Main_iPad.storyboard;
			sourceTree = "<group>";
		};
		3FB6D89E194699D80002A368 /* InfoPlist.strings */ = {
			isa = PBXVariantGroup;
			children = (
				3FB6D89F194699D80002A368 /* en */,
			);
			name = InfoPlist.strings;
			sourceTree = "<group>";
		};
/* End PBXVariantGroup section */

/* Begin XCBuildConfiguration section */
		3FB6D8A3194699D80002A368 /* Debug */ = {
			isa = XCBuildConfiguration;
			buildSettings = {
				ALWAYS_SEARCH_USER_PATHS = NO;
				CLANG_CXX_LANGUAGE_STANDARD = "gnu++0x";
				CLANG_CXX_LIBRARY = "libc++";
				CLANG_ENABLE_MODULES = YES;
				CLANG_ENABLE_OBJC_ARC = YES;
				CLANG_WARN_BOOL_CONVERSION = YES;
				CLANG_WARN_CONSTANT_CONVERSION = YES;
				CLANG_WARN_DIRECT_OBJC_ISA_USAGE = YES_ERROR;
				CLANG_WARN_EMPTY_BODY = YES;
				CLANG_WARN_ENUM_CONVERSION = YES;
				CLANG_WARN_INT_CONVERSION = YES;
				CLANG_WARN_OBJC_ROOT_CLASS = YES_ERROR;
				CLANG_WARN__DUPLICATE_METHOD_MATCH = YES;
				"CODE_SIGN_IDENTITY[sdk=iphoneos*]" = "iPhone Developer";
				COPY_PHASE_STRIP = NO;
				GCC_C_LANGUAGE_STANDARD = gnu99;
				GCC_DYNAMIC_NO_PIC = NO;
				GCC_OPTIMIZATION_LEVEL = 0;
				GCC_PREPROCESSOR_DEFINITIONS = (
					"DEBUG=1",
					"$(inherited)",
				);
				GCC_SYMBOLS_PRIVATE_EXTERN = NO;
				GCC_WARN_64_TO_32_BIT_CONVERSION = YES;
				GCC_WARN_ABOUT_RETURN_TYPE = YES_ERROR;
				GCC_WARN_UNDECLARED_SELECTOR = YES;
				GCC_WARN_UNINITIALIZED_AUTOS = YES_AGGRESSIVE;
				GCC_WARN_UNUSED_FUNCTION = YES;
				GCC_WARN_UNUSED_VARIABLE = YES;
				IPHONEOS_DEPLOYMENT_TARGET = 7.1;
				ONLY_ACTIVE_ARCH = YES;
				SDKROOT = iphoneos;
				TARGETED_DEVICE_FAMILY = "1,2";
			};
			name = Debug;
		};
		3FB6D8A4194699D80002A368 /* Release */ = {
			isa = XCBuildConfiguration;
			buildSettings = {
				ALWAYS_SEARCH_USER_PATHS = NO;
				CLANG_CXX_LANGUAGE_STANDARD = "gnu++0x";
				CLANG_CXX_LIBRARY = "libc++";
				CLANG_ENABLE_MODULES = YES;
				CLANG_ENABLE_OBJC_ARC = YES;
				CLANG_WARN_BOOL_CONVERSION = YES;
				CLANG_WARN_CONSTANT_CONVERSION = YES;
				CLANG_WARN_DIRECT_OBJC_ISA_USAGE = YES_ERROR;
				CLANG_WARN_EMPTY_BODY = YES;
				CLANG_WARN_ENUM_CONVERSION = YES;
				CLANG_WARN_INT_CONVERSION = YES;
				CLANG_WARN_OBJC_ROOT_CLASS = YES_ERROR;
				CLANG_WARN__DUPLICATE_METHOD_MATCH = YES;
				"CODE_SIGN_IDENTITY[sdk=iphoneos*]" = "iPhone Developer";
				COPY_PHASE_STRIP = YES;
				ENABLE_NS_ASSERTIONS = NO;
				GCC_C_LANGUAGE_STANDARD = gnu99;
				GCC_WARN_64_TO_32_BIT_CONVERSION = YES;
				GCC_WARN_ABOUT_RETURN_TYPE = YES_ERROR;
				GCC_WARN_UNDECLARED_SELECTOR = YES;
				GCC_WARN_UNINITIALIZED_AUTOS = YES_AGGRESSIVE;
				GCC_WARN_UNUSED_FUNCTION = YES;
				GCC_WARN_UNUSED_VARIABLE = YES;
				IPHONEOS_DEPLOYMENT_TARGET = 7.1;
				SDKROOT = iphoneos;
				TARGETED_DEVICE_FAMILY = "1,2";
				VALIDATE_PRODUCT = YES;
			};
			name = Release;
		};
		3FB6D8A6194699D80002A368 /* Debug */ = {
			isa = XCBuildConfiguration;
			buildSettings = {
				ASSETCATALOG_COMPILER_APPICON_NAME = AppIcon;
				ASSETCATALOG_COMPILER_LAUNCHIMAGE_NAME = LaunchImage;
				CODE_SIGN_IDENTITY = "iPhone Developer";
				GCC_PRECOMPILE_PREFIX_HEADER = YES;
				GCC_PREFIX_HEADER = "Adventures of Turing/RetroHalo-Prefix.pch";
				INFOPLIST_FILE = "Adventures of Turing/RetroHalo-Info.plist";
				IPHONEOS_DEPLOYMENT_TARGET = 7.0;
				PRODUCT_NAME = RetroHalo;
				SPRITEKIT_TEXTURE_ATLAS_OUTPUT = YES;
				TARGETED_DEVICE_FAMILY = 1;
				WRAPPER_EXTENSION = app;
			};
			name = Debug;
		};
		3FB6D8A7194699D80002A368 /* Release */ = {
			isa = XCBuildConfiguration;
			buildSettings = {
				ASSETCATALOG_COMPILER_APPICON_NAME = AppIcon;
				ASSETCATALOG_COMPILER_LAUNCHIMAGE_NAME = LaunchImage;
				CODE_SIGN_IDENTITY = "iPhone Developer";
				GCC_PRECOMPILE_PREFIX_HEADER = YES;
				GCC_PREFIX_HEADER = "Adventures of Turing/RetroHalo-Prefix.pch";
				INFOPLIST_FILE = "Adventures of Turing/RetroHalo-Info.plist";
				IPHONEOS_DEPLOYMENT_TARGET = 7.0;
				PRODUCT_NAME = RetroHalo;
				SPRITEKIT_TEXTURE_ATLAS_OUTPUT = YES;
				TARGETED_DEVICE_FAMILY = 1;
				WRAPPER_EXTENSION = app;
			};
			name = Release;
		};
		3FB6D8A9194699D80002A368 /* Debug */ = {
			isa = XCBuildConfiguration;
			buildSettings = {
				BUNDLE_LOADER = "$(BUILT_PRODUCTS_DIR)/Adventures of Turing.app/Adventures of Turing";
				FRAMEWORK_SEARCH_PATHS = (
					"$(SDKROOT)/Developer/Library/Frameworks",
					"$(inherited)",
					"$(DEVELOPER_FRAMEWORKS_DIR)",
				);
				GCC_PRECOMPILE_PREFIX_HEADER = YES;
				GCC_PREFIX_HEADER = "Adventures of Turing/Adventures of Turing-Prefix.pch";
				GCC_PREPROCESSOR_DEFINITIONS = (
					"DEBUG=1",
					"$(inherited)",
				);
				INFOPLIST_FILE = "Adventures of TuringTests/RetroHaloTests-Info.plist";
				PRODUCT_NAME = RetroHaloTests;
				TEST_HOST = "$(BUNDLE_LOADER)";
				WRAPPER_EXTENSION = xctest;
			};
			name = Debug;
		};
		3FB6D8AA194699D80002A368 /* Release */ = {
			isa = XCBuildConfiguration;
			buildSettings = {
				BUNDLE_LOADER = "$(BUILT_PRODUCTS_DIR)/Adventures of Turing.app/Adventures of Turing";
				FRAMEWORK_SEARCH_PATHS = (
					"$(SDKROOT)/Developer/Library/Frameworks",
					"$(inherited)",
					"$(DEVELOPER_FRAMEWORKS_DIR)",
				);
				GCC_PRECOMPILE_PREFIX_HEADER = YES;
				GCC_PREFIX_HEADER = "Adventures of Turing/Adventures of Turing-Prefix.pch";
				INFOPLIST_FILE = "Adventures of TuringTests/RetroHaloTests-Info.plist";
				PRODUCT_NAME = RetroHaloTests;
				TEST_HOST = "$(BUNDLE_LOADER)";
				WRAPPER_EXTENSION = xctest;
			};
			name = Release;
		};
/* End XCBuildConfiguration section */

/* Begin XCConfigurationList section */
		3FB6D864194699D70002A368 /* Build configuration list for PBXProject "RetroHalo" */ = {
			isa = XCConfigurationList;
			buildConfigurations = (
				3FB6D8A3194699D80002A368 /* Debug */,
				3FB6D8A4194699D80002A368 /* Release */,
			);
			defaultConfigurationIsVisible = 0;
			defaultConfigurationName = Release;
		};
		3FB6D8A5194699D80002A368 /* Build configuration list for PBXNativeTarget "RetroHalo" */ = {
			isa = XCConfigurationList;
			buildConfigurations = (
				3FB6D8A6194699D80002A368 /* Debug */,
				3FB6D8A7194699D80002A368 /* Release */,
			);
			defaultConfigurationIsVisible = 0;
			defaultConfigurationName = Release;
		};
		3FB6D8A8194699D80002A368 /* Build configuration list for PBXNativeTarget "RetroHaloTests" */ = {
			isa = XCConfigurationList;
			buildConfigurations = (
				3FB6D8A9194699D80002A368 /* Debug */,
				3FB6D8AA194699D80002A368 /* Release */,
			);
			defaultConfigurationIsVisible = 0;
			defaultConfigurationName = Release;
		};
/* End XCConfigurationList section */
	};
	rootObject = 3FB6D861194699D70002A368 /* Project object */;
}
